<?xml version="1.0" encoding="utf-8"?>
<Project ToolsVersion="4.0" xmlns="http://schemas.microsoft.com/developer/msbuild/2003">
  <ItemGroup>
    <Filter Include="99. Etc">
      <UniqueIdentifier>{8806be31-367d-48f1-b8aa-511b259dbd88}</UniqueIdentifier>
    </Filter>
    <Filter Include="99. Etc\리소스 파일">
      <UniqueIdentifier>{67DA6AB6-F800-4c08-8B7A-83BB121AAD01}</UniqueIdentifier>
      <Extensions>rc;ico;cur;bmp;dlg;rc2;rct;bin;rgs;gif;jpg;jpeg;jpe;resx;tiff;tif;png;wav;mfcribbon-ms</Extensions>
    </Filter>
    <Filter Include="99. Etc\소스 파일">
      <UniqueIdentifier>{4FC737F1-C7A5-4376-A066-2A32D752A2FF}</UniqueIdentifier>
      <Extensions>cpp;c;cc;cxx;def;odl;idl;hpj;bat;asm;asmx</Extensions>
    </Filter>
    <Filter Include="99. Etc\헤더 파일">
      <UniqueIdentifier>{93995380-89BD-4b04-88EB-625FBE52EBFB}</UniqueIdentifier>
      <Extensions>h;hh;hpp;hxx;hm;inl;inc;xsd</Extensions>
    </Filter>
    <Filter Include="00. MFCBase">
      <UniqueIdentifier>{ade09ed9-5447-4dfc-a410-245d406f6c8e}</UniqueIdentifier>
    </Filter>
    <Filter Include="00. MFCBase\00. MainFrm">
      <UniqueIdentifier>{6389d517-d158-49e3-b29c-13ca1c73da64}</UniqueIdentifier>
    </Filter>
    <Filter Include="00. MFCBase\01. ToolView">
      <UniqueIdentifier>{7e65851a-6f91-43e1-a104-c6abacdb2233}</UniqueIdentifier>
    </Filter>
    <Filter Include="00. MFCBase\02. ToolDoc">
      <UniqueIdentifier>{8dce52d2-7253-4b2f-b318-f7323eacd262}</UniqueIdentifier>
    </Filter>
    <Filter Include="01. Manager">
      <UniqueIdentifier>{b5ca6115-2b20-4186-a174-e25202cd88db}</UniqueIdentifier>
    </Filter>
    <Filter Include="01. Manager\00. Device">
      <UniqueIdentifier>{09354be8-4c10-4c1d-ad76-2e4beb2ae7dd}</UniqueIdentifier>
    </Filter>
    <Filter Include="01. Manager\01. TextureMgr">
      <UniqueIdentifier>{49249594-95ed-4f94-9e1f-dc5ae86acb5e}</UniqueIdentifier>
    </Filter>
    <Filter Include="01. Manager\01. TextureMgr\Texture">
      <UniqueIdentifier>{5bbba294-08c8-4ab2-9d71-eb5034116da3}</UniqueIdentifier>
    </Filter>
    <Filter Include="01. Manager\01. TextureMgr\Texture\00. Single">
      <UniqueIdentifier>{4794a3f3-4e0c-4491-afba-bafaa89dda0a}</UniqueIdentifier>
    </Filter>
    <Filter Include="01. Manager\01. TextureMgr\Texture\01. Multi">
      <UniqueIdentifier>{76245876-488f-41d1-8dd4-d68fabd6eb07}</UniqueIdentifier>
    </Filter>
  </ItemGroup>
  <ItemGroup>
    <ClInclude Include="Tool.h">
      <Filter>99. Etc\헤더 파일</Filter>
    </ClInclude>
    <ClInclude Include="stdafx.h">
      <Filter>99. Etc\헤더 파일</Filter>
    </ClInclude>
    <ClInclude Include="targetver.h">
      <Filter>99. Etc\헤더 파일</Filter>
    </ClInclude>
    <ClInclude Include="Resource.h">
      <Filter>99. Etc\헤더 파일</Filter>
    </ClInclude>
    <ClInclude Include="MainFrm.h">
      <Filter>00. MFCBase\00. MainFrm</Filter>
    </ClInclude>
    <ClInclude Include="ToolView.h">
      <Filter>00. MFCBase\01. ToolView</Filter>
    </ClInclude>
    <ClInclude Include="ToolDoc.h">
      <Filter>00. MFCBase\02. ToolDoc</Filter>
    </ClInclude>
    <ClInclude Include="Device.h">
      <Filter>01. Manager\00. Device</Filter>
    </ClInclude>
    <ClInclude Include="Texture.h">
      <Filter>01. Manager\01. TextureMgr\Texture</Filter>
    </ClInclude>
    <ClInclude Include="SingleTexture.h">
      <Filter>01. Manager\01. TextureMgr\Texture\00. Single</Filter>
    </ClInclude>
  </ItemGroup>
  <ItemGroup>
    <ClCompile Include="Tool.cpp">
      <Filter>99. Etc\소스 파일</Filter>
    </ClCompile>
    <ClCompile Include="stdafx.cpp">
      <Filter>99. Etc\소스 파일</Filter>
    </ClCompile>
    <ClCompile Include="MainFrm.cpp">
      <Filter>00. MFCBase\00. MainFrm</Filter>
    </ClCompile>
    <ClCompile Include="ToolView.cpp">
      <Filter>00. MFCBase\01. ToolView</Filter>
    </ClCompile>
    <ClCompile Include="ToolDoc.cpp">
      <Filter>00. MFCBase\02. ToolDoc</Filter>
    </ClCompile>
    <ClCompile Include="Device.cpp">
      <Filter>01. Manager\00. Device</Filter>
    </ClCompile>
    <ClCompile Include="Texture.cpp">
      <Filter>01. Manager\01. TextureMgr\Texture</Filter>
    </ClCompile>
    <ClCompile Include="SingleTexture.cpp">
      <Filter>01. Manager\01. TextureMgr\Texture\00. Single</Filter>
    </ClCompile>
  </ItemGroup>
  <ItemGroup>
    <ResourceCompile Include="Tool.rc">
      <Filter>99. Etc\리소스 파일</Filter>
    </ResourceCompile>
  </ItemGroup>
  <ItemGroup>
    <None Include="res\Tool.rc2">
      <Filter>99. Etc\리소스 파일</Filter>
    </None>
  </ItemGroup>
  <ItemGroup>
    <Image Include="res\ToolDoc.ico">
      <Filter>99. Etc\리소스 파일</Filter>
    </Image>
    <Image Include="res\Tool.ico">
      <Filter>99. Etc\리소스 파일</Filter>
    </Image>
    <Image Include="res\Toolbar.bmp">
      <Filter>99. Etc\리소스 파일</Filter>
    </Image>
  </ItemGroup>
  <ItemGroup>
    <Text Include="ReadMe.txt">
      <Filter>99. Etc\리소스 파일</Filter>
    </Text>
  </ItemGroup>
</Project>